
Microsoft Visual Studio Solution File, Format Version 12.00
# Visual Studio Version 17
VisualStudioVersion = 17.13.35913.81 d17.13
MinimumVisualStudioVersion = 10.0.40219.1
Project("{FAE04EC0-301F-11D3-BF4B-00C04F79EFBC}") = "HW_1", "HW_1\HW_1.csproj", "{03E14014-AAF3-4104-9FCC-522BA588142C}"
EndProject
Global
	GlobalSection(SolutionConfigurationPlatforms) = preSolution
		Debug|Any CPU = Debug|Any CPU
		Release|Any CPU = Release|Any CPU
	EndGlobalSection
	GlobalSection(ProjectConfigurationPlatforms) = postSolution
		{03E14014-AAF3-4104-9FCC-522BA588142C}.Debug|Any CPU.ActiveCfg = Debug|Any CPU
		{03E14014-AAF3-4104-9FCC-522BA588142C}.Debug|Any CPU.Build.0 = Debug|Any CPU
		{03E14014-AAF3-4104-9FCC-522BA588142C}.Release|Any CPU.ActiveCfg = Release|Any CPU
		{03E14014-AAF3-4104-9FCC-522BA588142C}.Release|Any CPU.Build.0 = Release|Any CPU
	EndGlobalSection
	GlobalSection(SolutionProperties) = preSolution
		HideSolutionNode = FALSE
	EndGlobalSection
	GlobalSection(ExtensibilityGlobals) = postSolution
		SolutionGuid = {AC461584-D2CF-4B4C-B22E-59B1C6C3D0FF}
	EndGlobalSection
EndGlobal
