
Microsoft Visual Studio Solution File, Format Version 12.00
# Visual Studio Version 17
VisualStudioVersion = 17.13.35931.197 d17.13
MinimumVisualStudioVersion = 10.0.40219.1
Project("{FAE04EC0-301F-11D3-BF4B-00C04F79EFBC}") = "HW_9_Task_2", "HW_9_Task_2\HW_9_Task_2.csproj", "{E09ECD40-C427-482C-9A5F-9C8A7CF7C932}"
EndProject
Project("{FAE04EC0-301F-11D3-BF4B-00C04F79EFBC}") = "HW_9_Task_3", "HW_9_Task_3\HW_9_Task_3.csproj", "{99B19D38-681A-4EDC-A2CE-62B4D5D2302E}"
EndProject
Project("{FAE04EC0-301F-11D3-BF4B-00C04F79EFBC}") = "HW_9_Task_4", "HW_9_Task_4\HW_9_Task_4.csproj", "{9DE00C1F-7C66-4206-B1C3-9FBE55EF1A68}"
EndProject
Project("{FAE04EC0-301F-11D3-BF4B-00C04F79EFBC}") = "HW_9_Task_6", "HW_9_Task_6\HW_9_Task_6.csproj", "{50A2245D-19B1-4046-A4D0-732A945EFAC3}"
EndProject
Global
	GlobalSection(SolutionConfigurationPlatforms) = preSolution
		Debug|Any CPU = Debug|Any CPU
		Release|Any CPU = Release|Any CPU
	EndGlobalSection
	GlobalSection(ProjectConfigurationPlatforms) = postSolution
		{E09ECD40-C427-482C-9A5F-9C8A7CF7C932}.Debug|Any CPU.ActiveCfg = Debug|Any CPU
		{E09ECD40-C427-482C-9A5F-9C8A7CF7C932}.Debug|Any CPU.Build.0 = Debug|Any CPU
		{E09ECD40-C427-482C-9A5F-9C8A7CF7C932}.Release|Any CPU.ActiveCfg = Release|Any CPU
		{E09ECD40-C427-482C-9A5F-9C8A7CF7C932}.Release|Any CPU.Build.0 = Release|Any CPU
		{99B19D38-681A-4EDC-A2CE-62B4D5D2302E}.Debug|Any CPU.ActiveCfg = Debug|Any CPU
		{99B19D38-681A-4EDC-A2CE-62B4D5D2302E}.Debug|Any CPU.Build.0 = Debug|Any CPU
		{99B19D38-681A-4EDC-A2CE-62B4D5D2302E}.Release|Any CPU.ActiveCfg = Release|Any CPU
		{99B19D38-681A-4EDC-A2CE-62B4D5D2302E}.Release|Any CPU.Build.0 = Release|Any CPU
		{9DE00C1F-7C66-4206-B1C3-9FBE55EF1A68}.Debug|Any CPU.ActiveCfg = Debug|Any CPU
		{9DE00C1F-7C66-4206-B1C3-9FBE55EF1A68}.Debug|Any CPU.Build.0 = Debug|Any CPU
		{9DE00C1F-7C66-4206-B1C3-9FBE55EF1A68}.Release|Any CPU.ActiveCfg = Release|Any CPU
		{9DE00C1F-7C66-4206-B1C3-9FBE55EF1A68}.Release|Any CPU.Build.0 = Release|Any CPU
		{50A2245D-19B1-4046-A4D0-732A945EFAC3}.Debug|Any CPU.ActiveCfg = Debug|Any CPU
		{50A2245D-19B1-4046-A4D0-732A945EFAC3}.Debug|Any CPU.Build.0 = Debug|Any CPU
		{50A2245D-19B1-4046-A4D0-732A945EFAC3}.Release|Any CPU.ActiveCfg = Release|Any CPU
		{50A2245D-19B1-4046-A4D0-732A945EFAC3}.Release|Any CPU.Build.0 = Release|Any CPU
	EndGlobalSection
	GlobalSection(SolutionProperties) = preSolution
		HideSolutionNode = FALSE
	EndGlobalSection
	GlobalSection(ExtensibilityGlobals) = postSolution
		SolutionGuid = {42F31909-4B61-4682-8D08-84B68CC55EB2}
	EndGlobalSection
EndGlobal
