
Microsoft Visual Studio Solution File, Format Version 12.00
# Visual Studio Version 17
VisualStudioVersion = 17.13.35919.96 d17.13
MinimumVisualStudioVersion = 10.0.40219.1
Project("{FAE04EC0-301F-11D3-BF4B-00C04F79EFBC}") = "HW_5_Task_2", "HW_5_Task_2\HW_5_Task_2.csproj", "{7E12D062-A5AE-4FF5-9793-337A94C49E1C}"
EndProject
Project("{FAE04EC0-301F-11D3-BF4B-00C04F79EFBC}") = "HW_5_Task_3", "HW_5_Task_3\HW_5_Task_3.csproj", "{E393CF51-A0AE-499A-B846-8F9443265293}"
EndProject
Project("{FAE04EC0-301F-11D3-BF4B-00C04F79EFBC}") = "HW_5_Task_4", "HW_5_Task_4\HW_5_Task_4.csproj", "{CE639E9F-0262-4332-85D7-02903A1AC364}"
EndProject
Project("{FAE04EC0-301F-11D3-BF4B-00C04F79EFBC}") = "HW_5_Task_6", "HW_5_Task_6\HW_5_Task_6.csproj", "{6027EB69-E821-4638-A8A5-FD75E2417858}"
EndProject
Project("{FAE04EC0-301F-11D3-BF4B-00C04F79EFBC}") = "HW_5_Task_7", "HW_5_Task_7\HW_5_Task_7.csproj", "{27AEC059-F437-4C3C-87B1-40704FD5D616}"
EndProject
Global
	GlobalSection(SolutionConfigurationPlatforms) = preSolution
		Debug|Any CPU = Debug|Any CPU
		Release|Any CPU = Release|Any CPU
	EndGlobalSection
	GlobalSection(ProjectConfigurationPlatforms) = postSolution
		{7E12D062-A5AE-4FF5-9793-337A94C49E1C}.Debug|Any CPU.ActiveCfg = Debug|Any CPU
		{7E12D062-A5AE-4FF5-9793-337A94C49E1C}.Debug|Any CPU.Build.0 = Debug|Any CPU
		{7E12D062-A5AE-4FF5-9793-337A94C49E1C}.Release|Any CPU.ActiveCfg = Release|Any CPU
		{7E12D062-A5AE-4FF5-9793-337A94C49E1C}.Release|Any CPU.Build.0 = Release|Any CPU
		{E393CF51-A0AE-499A-B846-8F9443265293}.Debug|Any CPU.ActiveCfg = Debug|Any CPU
		{E393CF51-A0AE-499A-B846-8F9443265293}.Debug|Any CPU.Build.0 = Debug|Any CPU
		{E393CF51-A0AE-499A-B846-8F9443265293}.Release|Any CPU.ActiveCfg = Release|Any CPU
		{E393CF51-A0AE-499A-B846-8F9443265293}.Release|Any CPU.Build.0 = Release|Any CPU
		{CE639E9F-0262-4332-85D7-02903A1AC364}.Debug|Any CPU.ActiveCfg = Debug|Any CPU
		{CE639E9F-0262-4332-85D7-02903A1AC364}.Debug|Any CPU.Build.0 = Debug|Any CPU
		{CE639E9F-0262-4332-85D7-02903A1AC364}.Release|Any CPU.ActiveCfg = Release|Any CPU
		{CE639E9F-0262-4332-85D7-02903A1AC364}.Release|Any CPU.Build.0 = Release|Any CPU
		{6027EB69-E821-4638-A8A5-FD75E2417858}.Debug|Any CPU.ActiveCfg = Debug|Any CPU
		{6027EB69-E821-4638-A8A5-FD75E2417858}.Debug|Any CPU.Build.0 = Debug|Any CPU
		{6027EB69-E821-4638-A8A5-FD75E2417858}.Release|Any CPU.ActiveCfg = Release|Any CPU
		{6027EB69-E821-4638-A8A5-FD75E2417858}.Release|Any CPU.Build.0 = Release|Any CPU
		{27AEC059-F437-4C3C-87B1-40704FD5D616}.Debug|Any CPU.ActiveCfg = Debug|Any CPU
		{27AEC059-F437-4C3C-87B1-40704FD5D616}.Debug|Any CPU.Build.0 = Debug|Any CPU
		{27AEC059-F437-4C3C-87B1-40704FD5D616}.Release|Any CPU.ActiveCfg = Release|Any CPU
		{27AEC059-F437-4C3C-87B1-40704FD5D616}.Release|Any CPU.Build.0 = Release|Any CPU
	EndGlobalSection
	GlobalSection(SolutionProperties) = preSolution
		HideSolutionNode = FALSE
	EndGlobalSection
	GlobalSection(ExtensibilityGlobals) = postSolution
		SolutionGuid = {ACA0AD33-5C9D-4C61-AF41-4EC9D22DAEB6}
	EndGlobalSection
EndGlobal
